<Solution>
  <Project Path="src/Extensify.App/Extensify.App.csproj" />
  <Project Path="src/Extensify.Abstractions/Extensify.Abstractions.csproj" />
  <Project Path="src/Extensify.Loader/Extensify.Loader.csproj" />
  <Project Path="src/Extensify.Plugins.Calculator/Extensify.Plugins.Calculator.csproj" />
  <Project Path="src/Extensify.Plugins.WeatherMock/Extensify.Plugins.WeatherMock.csproj" />
  <Project Path="src/Extensify.Utils/Extensify.Utils.csproj" />
</Solution>
